
Microsoft Visual Studio Solution File, Format Version 12.00
# Visual Studio Version 17
VisualStudioVersion = 17.5.33502.453
MinimumVisualStudioVersion = 10.0.40219.1
Project("{FAE04EC0-301F-11D3-BF4B-00C04F79EFBC}") = "Jellyfin.UWP", "Jellyfin.UWP\Jellyfin.UWP.csproj", "{3CCE3C4F-4C73-43F5-989E-50DEAD988E7D}"
EndProject
Project("{2150E333-8FDC-42A3-9474-1A3956D46DE8}") = "Solution Items", "Solution Items", "{5253FDB2-E384-435B-A296-A0771C2359B1}"
	ProjectSection(SolutionItems) = preProject
		jellyfin-cert.pfx = jellyfin-cert.pfx
		README.md = README.md
		version.json = version.json
	EndProjectSection
EndProject
Project("{FAE04EC0-301F-11D3-BF4B-00C04F79EFBC}") = "Jellyfin.UWP.Tests", "tests\Jellyfin.UWP.Tests\Jellyfin.UWP.Tests.csproj", "{B76CAB85-D933-4705-AB37-DB99736AE219}"
EndProject
Global
	GlobalSection(SolutionConfigurationPlatforms) = preSolution
		Debug|Any CPU = Debug|Any CPU
		Debug|ARM = Debug|ARM
		Debug|ARM64 = Debug|ARM64
		Debug|x64 = Debug|x64
		Debug|x86 = Debug|x86
		Release|Any CPU = Release|Any CPU
		Release|ARM = Release|ARM
		Release|ARM64 = Release|ARM64
		Release|x64 = Release|x64
		Release|x86 = Release|x86
	EndGlobalSection
	GlobalSection(ProjectConfigurationPlatforms) = postSolution
		{3CCE3C4F-4C73-43F5-989E-50DEAD988E7D}.Debug|Any CPU.ActiveCfg = Debug|x64
		{3CCE3C4F-4C73-43F5-989E-50DEAD988E7D}.Debug|Any CPU.Build.0 = Debug|x64
		{3CCE3C4F-4C73-43F5-989E-50DEAD988E7D}.Debug|Any CPU.Deploy.0 = Debug|x64
		{3CCE3C4F-4C73-43F5-989E-50DEAD988E7D}.Debug|ARM.ActiveCfg = Debug|ARM
		{3CCE3C4F-4C73-43F5-989E-50DEAD988E7D}.Debug|ARM.Build.0 = Debug|ARM
		{3CCE3C4F-4C73-43F5-989E-50DEAD988E7D}.Debug|ARM.Deploy.0 = Debug|ARM
		{3CCE3C4F-4C73-43F5-989E-50DEAD988E7D}.Debug|ARM64.ActiveCfg = Debug|ARM64
		{3CCE3C4F-4C73-43F5-989E-50DEAD988E7D}.Debug|ARM64.Build.0 = Debug|ARM64
		{3CCE3C4F-4C73-43F5-989E-50DEAD988E7D}.Debug|ARM64.Deploy.0 = Debug|ARM64
		{3CCE3C4F-4C73-43F5-989E-50DEAD988E7D}.Debug|x64.ActiveCfg = Debug|x64
		{3CCE3C4F-4C73-43F5-989E-50DEAD988E7D}.Debug|x64.Build.0 = Debug|x64
		{3CCE3C4F-4C73-43F5-989E-50DEAD988E7D}.Debug|x64.Deploy.0 = Debug|x64
		{3CCE3C4F-4C73-43F5-989E-50DEAD988E7D}.Debug|x86.ActiveCfg = Debug|x86
		{3CCE3C4F-4C73-43F5-989E-50DEAD988E7D}.Debug|x86.Build.0 = Debug|x86
		{3CCE3C4F-4C73-43F5-989E-50DEAD988E7D}.Debug|x86.Deploy.0 = Debug|x86
		{3CCE3C4F-4C73-43F5-989E-50DEAD988E7D}.Release|Any CPU.ActiveCfg = Release|x64
		{3CCE3C4F-4C73-43F5-989E-50DEAD988E7D}.Release|Any CPU.Build.0 = Release|x64
		{3CCE3C4F-4C73-43F5-989E-50DEAD988E7D}.Release|Any CPU.Deploy.0 = Release|x64
		{3CCE3C4F-4C73-43F5-989E-50DEAD988E7D}.Release|ARM.ActiveCfg = Release|ARM
		{3CCE3C4F-4C73-43F5-989E-50DEAD988E7D}.Release|ARM.Build.0 = Release|ARM
		{3CCE3C4F-4C73-43F5-989E-50DEAD988E7D}.Release|ARM.Deploy.0 = Release|ARM
		{3CCE3C4F-4C73-43F5-989E-50DEAD988E7D}.Release|ARM64.ActiveCfg = Release|ARM64
		{3CCE3C4F-4C73-43F5-989E-50DEAD988E7D}.Release|ARM64.Build.0 = Release|ARM64
		{3CCE3C4F-4C73-43F5-989E-50DEAD988E7D}.Release|ARM64.Deploy.0 = Release|ARM64
		{3CCE3C4F-4C73-43F5-989E-50DEAD988E7D}.Release|x64.ActiveCfg = Release|x64
		{3CCE3C4F-4C73-43F5-989E-50DEAD988E7D}.Release|x64.Build.0 = Release|x64
		{3CCE3C4F-4C73-43F5-989E-50DEAD988E7D}.Release|x64.Deploy.0 = Release|x64
		{3CCE3C4F-4C73-43F5-989E-50DEAD988E7D}.Release|x86.ActiveCfg = Release|x86
		{3CCE3C4F-4C73-43F5-989E-50DEAD988E7D}.Release|x86.Build.0 = Release|x86
		{3CCE3C4F-4C73-43F5-989E-50DEAD988E7D}.Release|x86.Deploy.0 = Release|x86
		{B76CAB85-D933-4705-AB37-DB99736AE219}.Debug|Any CPU.ActiveCfg = Debug|x64
		{B76CAB85-D933-4705-AB37-DB99736AE219}.Debug|Any CPU.Build.0 = Debug|x64
		{B76CAB85-D933-4705-AB37-DB99736AE219}.Debug|Any CPU.Deploy.0 = Debug|x64
		{B76CAB85-D933-4705-AB37-DB99736AE219}.Debug|ARM.ActiveCfg = Debug|ARM
		{B76CAB85-D933-4705-AB37-DB99736AE219}.Debug|ARM.Build.0 = Debug|ARM
		{B76CAB85-D933-4705-AB37-DB99736AE219}.Debug|ARM.Deploy.0 = Debug|ARM
		{B76CAB85-D933-4705-AB37-DB99736AE219}.Debug|ARM64.ActiveCfg = Debug|ARM64
		{B76CAB85-D933-4705-AB37-DB99736AE219}.Debug|ARM64.Build.0 = Debug|ARM64
		{B76CAB85-D933-4705-AB37-DB99736AE219}.Debug|ARM64.Deploy.0 = Debug|ARM64
		{B76CAB85-D933-4705-AB37-DB99736AE219}.Debug|x64.ActiveCfg = Debug|x64
		{B76CAB85-D933-4705-AB37-DB99736AE219}.Debug|x64.Build.0 = Debug|x64
		{B76CAB85-D933-4705-AB37-DB99736AE219}.Debug|x64.Deploy.0 = Debug|x64
		{B76CAB85-D933-4705-AB37-DB99736AE219}.Debug|x86.ActiveCfg = Debug|x86
		{B76CAB85-D933-4705-AB37-DB99736AE219}.Debug|x86.Build.0 = Debug|x86
		{B76CAB85-D933-4705-AB37-DB99736AE219}.Debug|x86.Deploy.0 = Debug|x86
		{B76CAB85-D933-4705-AB37-DB99736AE219}.Release|Any CPU.ActiveCfg = Release|x64
		{B76CAB85-D933-4705-AB37-DB99736AE219}.Release|Any CPU.Build.0 = Release|x64
		{B76CAB85-D933-4705-AB37-DB99736AE219}.Release|Any CPU.Deploy.0 = Release|x64
		{B76CAB85-D933-4705-AB37-DB99736AE219}.Release|ARM.ActiveCfg = Release|ARM
		{B76CAB85-D933-4705-AB37-DB99736AE219}.Release|ARM.Build.0 = Release|ARM
		{B76CAB85-D933-4705-AB37-DB99736AE219}.Release|ARM.Deploy.0 = Release|ARM
		{B76CAB85-D933-4705-AB37-DB99736AE219}.Release|ARM64.ActiveCfg = Release|ARM64
		{B76CAB85-D933-4705-AB37-DB99736AE219}.Release|ARM64.Build.0 = Release|ARM64
		{B76CAB85-D933-4705-AB37-DB99736AE219}.Release|ARM64.Deploy.0 = Release|ARM64
		{B76CAB85-D933-4705-AB37-DB99736AE219}.Release|x64.ActiveCfg = Release|x64
		{B76CAB85-D933-4705-AB37-DB99736AE219}.Release|x64.Build.0 = Release|x64
		{B76CAB85-D933-4705-AB37-DB99736AE219}.Release|x64.Deploy.0 = Release|x64
		{B76CAB85-D933-4705-AB37-DB99736AE219}.Release|x86.ActiveCfg = Release|x86
		{B76CAB85-D933-4705-AB37-DB99736AE219}.Release|x86.Build.0 = Release|x86
		{B76CAB85-D933-4705-AB37-DB99736AE219}.Release|x86.Deploy.0 = Release|x86
	EndGlobalSection
	GlobalSection(SolutionProperties) = preSolution
		HideSolutionNode = FALSE
	EndGlobalSection
	GlobalSection(ExtensibilityGlobals) = postSolution
		SolutionGuid = {59E5E947-8229-4467-A059-18631B94D90F}
	EndGlobalSection
EndGlobal
